dependencies:
- name: nats
  repository: https://charts.bitnami.com/bitnami
  version: 4.4.1
- name: redis
  repository: https://charts.bitnami.com/bitnami
  version: 10.7.5
- name: etcd
  repository: https://charts.bitnami.com/bitnami
  version: 5.0.1
digest: sha256:785955c07d96927bc8024427b8eafb819b7d34396d837ecee7d95572a85f99c0
generated: "2020-11-11T23:32:50.301014643Z"
